// This lockfile was autogenerated by Pants. To regenerate, run:
//
//    pants generate-lockfiles --resolve=python-default
//
// --- BEGIN PANTS LOCKFILE METADATA: DO NOT EDIT OR REMOVE ---
// {
//   "version": 3,
//   "valid_for_interpreter_constraints": [
//     "CPython==3.10.*"
//   ],
//   "generated_with_requirements": [
//     "fastapi",
//     "uvicorn"
//   ],
//   "manylinux": "manylinux2014",
//   "requirement_constraints": [],
//   "only_binary": [],
//   "no_binary": []
// }
// --- END PANTS LOCKFILE METADATA ---

{
  "allow_builds": true,
  "allow_prereleases": false,
  "allow_wheels": true,
  "build_isolation": true,
  "constraints": [],
  "locked_resolves": [
    {
      "locked_requirements": [
        {
          "artifacts": [
            {
              "algorithm": "sha256",
              "hash": "fbbe32bd270d2a2ef3ed1c5d45041250284e31fc0a4df4a5a6071842051a51e3",
              "url": "https://files.pythonhosted.org/packages/77/2b/b4c0b7a3f3d61adb1a1e0b78f90a94e2b6162a043880704b7437ef297cad/anyio-3.6.2-py3-none-any.whl"
            },
            {
              "algorithm": "sha256",
              "hash": "25ea0d673ae30af41a0c442f81cf3b38c7e79fdc7b60335a4c14e05eb0947421",
              "url": "https://files.pythonhosted.org/packages/8b/94/6928d4345f2bc1beecbff03325cad43d320717f51ab74ab5a571324f4f5a/anyio-3.6.2.tar.gz"
            }
          ],
          "project_name": "anyio",
          "requires_dists": [
            "contextlib2; python_version < \"3.7\" and extra == \"test\"",
            "contextvars; python_version < \"3.7\"",
            "coverage[toml]>=4.5; extra == \"test\"",
            "dataclasses; python_version < \"3.7\"",
            "hypothesis>=4.0; extra == \"test\"",
            "idna>=2.8",
            "mock>=4; python_version < \"3.8\" and extra == \"test\"",
            "packaging; extra == \"doc\"",
            "pytest-mock>=3.6.1; extra == \"test\"",
            "pytest>=7.0; extra == \"test\"",
            "sniffio>=1.1",
            "sphinx-autodoc-typehints>=1.2.0; extra == \"doc\"",
            "sphinx-rtd-theme; extra == \"doc\"",
            "trio<0.22,>=0.16; extra == \"trio\"",
            "trustme; extra == \"test\"",
            "typing-extensions; python_version < \"3.8\"",
            "uvloop<0.15; (python_version < \"3.7\" and (platform_python_implementation == \"CPython\" and platform_system != \"Windows\")) and extra == \"test\"",
            "uvloop>=0.15; (python_version >= \"3.7\" and (platform_python_implementation == \"CPython\" and platform_system != \"Windows\")) and extra == \"test\""
          ],
          "requires_python": ">=3.6.2",
          "version": "3.6.2"
        },
        {
          "artifacts": [
            {
              "algorithm": "sha256",
              "hash": "bb4d8133cb15a609f44e8213d9b391b0809795062913b383c62be0ee95b1db48",
              "url": "https://files.pythonhosted.org/packages/c2/f1/df59e28c642d583f7dacffb1e0965d0e00b218e0186d7858ac5233dce840/click-8.1.3-py3-none-any.whl"
            },
            {
              "algorithm": "sha256",
              "hash": "7682dc8afb30297001674575ea00d1814d808d6a36af415a82bd481d37ba7b8e",
              "url": "https://files.pythonhosted.org/packages/59/87/84326af34517fca8c58418d148f2403df25303e02736832403587318e9e8/click-8.1.3.tar.gz"
            }
          ],
          "project_name": "click",
          "requires_dists": [
            "colorama; platform_system == \"Windows\"",
            "importlib-metadata; python_version < \"3.8\""
          ],
          "requires_python": ">=3.7",
          "version": "8.1.3"
        },
        {
          "artifacts": [
            {
              "algorithm": "sha256",
              "hash": "a870d443e5405982e1667dfe372663abf10754f246866056336d7f01c21dab07",
              "url": "https://files.pythonhosted.org/packages/2e/84/d289e941ffec2f107d9097c8f7c2dbc874b0fc3fab9776aa3cc366d45ab2/fastapi-0.95.1-py3-none-any.whl"
            },
            {
              "algorithm": "sha256",
              "hash": "9569f0a381f8a457ec479d90fa01005cfddaae07546eb1f3fa035bc4797ae7d5",
              "url": "https://files.pythonhosted.org/packages/a9/7b/ec011cf46d78627159ab869556f246b5f823a6df8d94f7577e043a63fffd/fastapi-0.95.1.tar.gz"
            }
          ],
          "project_name": "fastapi",
          "requires_dists": [
            "anyio[trio]<4.0.0,>=3.2.1; extra == \"test\"",
            "black==23.1.0; extra == \"test\"",
            "coverage[toml]<8.0,>=6.5.0; extra == \"test\"",
            "databases[sqlite]<0.7.0,>=0.3.2; extra == \"test\"",
            "email-validator<2.0.0,>=1.1.1; extra == \"test\"",
            "email-validator>=1.1.1; extra == \"all\"",
            "flask<3.0.0,>=1.1.2; extra == \"test\"",
            "httpx<0.24.0,>=0.23.0; extra == \"test\"",
            "httpx>=0.23.0; extra == \"all\"",
            "isort<6.0.0,>=5.0.6; extra == \"test\"",
            "itsdangerous>=1.1.0; extra == \"all\"",
            "jinja2>=2.11.2; extra == \"all\"",
            "mdx-include<2.0.0,>=1.4.1; extra == \"doc\"",
            "mkdocs-markdownextradata-plugin<0.3.0,>=0.1.7; extra == \"doc\"",
            "mkdocs-material<9.0.0,>=8.1.4; extra == \"doc\"",
            "mkdocs<2.0.0,>=1.1.2; extra == \"doc\"",
            "mypy==0.982; extra == \"test\"",
            "orjson<4.0.0,>=3.2.1; extra == \"test\"",
            "orjson>=3.2.1; extra == \"all\"",
            "passlib[bcrypt]<2.0.0,>=1.7.2; extra == \"test\"",
            "peewee<4.0.0,>=3.13.3; extra == \"test\"",
            "pre-commit<3.0.0,>=2.17.0; extra == \"dev\"",
            "pydantic!=1.7,!=1.7.1,!=1.7.2,!=1.7.3,!=1.8,!=1.8.1,<2.0.0,>=1.6.2",
            "pytest<8.0.0,>=7.1.3; extra == \"test\"",
            "python-jose[cryptography]<4.0.0,>=3.3.0; extra == \"test\"",
            "python-multipart<0.0.7,>=0.0.5; extra == \"test\"",
            "python-multipart>=0.0.5; extra == \"all\"",
            "pyyaml<7.0.0,>=5.3.1; extra == \"doc\"",
            "pyyaml<7.0.0,>=5.3.1; extra == \"test\"",
            "pyyaml>=5.3.1; extra == \"all\"",
            "ruff==0.0.138; extra == \"dev\"",
            "ruff==0.0.138; extra == \"test\"",
            "sqlalchemy<1.4.43,>=1.3.18; extra == \"test\"",
            "starlette<0.27.0,>=0.26.1",
            "typer-cli<0.0.14,>=0.0.13; extra == \"doc\"",
            "typer[all]<0.8.0,>=0.6.1; extra == \"doc\"",
            "types-orjson==3.6.2; extra == \"test\"",
            "types-ujson==5.7.0.1; extra == \"test\"",
            "ujson!=4.0.2,!=4.1.0,!=4.2.0,!=4.3.0,!=5.0.0,!=5.1.0,<6.0.0,>=4.0.1; extra == \"test\"",
            "ujson!=4.0.2,!=4.1.0,!=4.2.0,!=4.3.0,!=5.0.0,!=5.1.0,>=4.0.1; extra == \"all\"",
            "uvicorn[standard]<0.21.0,>=0.12.0; extra == \"dev\"",
            "uvicorn[standard]>=0.12.0; extra == \"all\""
          ],
          "requires_python": ">=3.7",
          "version": "0.95.1"
        },
        {
          "artifacts": [
            {
              "algorithm": "sha256",
              "hash": "e3fe4ac4b851c468cc8363d500db52c2ead036020723024a109d37346efaa761",
              "url": "https://files.pythonhosted.org/packages/95/04/ff642e65ad6b90db43e668d70ffb6736436c7ce41fcc549f4e9472234127/h11-0.14.0-py3-none-any.whl"
            },
            {
              "algorithm": "sha256",
              "hash": "8f19fbbe99e72420ff35c00b27a34cb9937e902a8b810e2c88300c6f0a3b699d",
              "url": "https://files.pythonhosted.org/packages/f5/38/3af3d3633a34a3316095b39c8e8fb4853a28a536e55d347bd8d8e9a14b03/h11-0.14.0.tar.gz"
            }
          ],
          "project_name": "h11",
          "requires_dists": [
            "typing-extensions; python_version < \"3.8\""
          ],
          "requires_python": ">=3.7",
          "version": "0.14.0"
        },
        {
          "artifacts": [
            {
              "algorithm": "sha256",
              "hash": "90b77e79eaa3eba6de819a0c442c0b4ceefc341a7a2ab77d7562bf49f425c5c2",
              "url": "https://files.pythonhosted.org/packages/fc/34/3030de6f1370931b9dbb4dad48f6ab1015ab1d32447850b9fc94e60097be/idna-3.4-py3-none-any.whl"
            },
            {
              "algorithm": "sha256",
              "hash": "814f528e8dead7d329833b91c5faa87d60bf71824cd12a7530b5526063d02cb4",
              "url": "https://files.pythonhosted.org/packages/8b/e1/43beb3d38dba6cb420cefa297822eac205a277ab43e5ba5d5c46faf96438/idna-3.4.tar.gz"
            }
          ],
          "project_name": "idna",
          "requires_dists": [],
          "requires_python": ">=3.5",
          "version": "3.4"
        },
        {
          "artifacts": [
            {
              "algorithm": "sha256",
              "hash": "0cd181f1d0b1d00e2b705f1bf1ac7799a2d938cce3376b8007df62b29be3c2c6",
              "url": "https://files.pythonhosted.org/packages/8d/e1/d9219c4e4161a511158e531a84aa719087064d208c2bf87df5c58812f190/pydantic-1.10.7-py3-none-any.whl"
            },
            {
              "algorithm": "sha256",
              "hash": "01aea3a42c13f2602b7ecbbea484a98169fb568ebd9e247593ea05f01b884b2e",
              "url": "https://files.pythonhosted.org/packages/31/9e/32896df239096e0052e390e90eb0d374367e74bf7ce603a62841310c34c7/pydantic-1.10.7-cp310-cp310-macosx_11_0_arm64.whl"
            },
            {
              "algorithm": "sha256",
              "hash": "f4a2b50e2b03d5776e7f21af73e2070e1b5c0d0df255a827e7c632962f8315af",
              "url": "https://files.pythonhosted.org/packages/38/cb/21afb81e5b3270cf5504543fb94a0d7734c4536b98c893701842602f9da0/pydantic-1.10.7-cp310-cp310-musllinux_1_1_x86_64.whl"
            },
            {
              "algorithm": "sha256",
              "hash": "cfc83c0678b6ba51b0532bea66860617c4cd4251ecf76e9846fa5a9f3454e97e",
              "url": "https://files.pythonhosted.org/packages/43/5f/e53a850fd32dddefc998b6bfcbda843d4ff5b0dcac02a92e414ba6c97d46/pydantic-1.10.7.tar.gz"
            },
            {
              "algorithm": "sha256",
              "hash": "ae150a63564929c675d7f2303008d88426a0add46efd76c3fc797cd71cb1b46f",
              "url": "https://files.pythonhosted.org/packages/73/f9/860473019e228ac0b12e5cccecc086ce1f7e41d5f1482b64b9454a528e4f/pydantic-1.10.7-cp310-cp310-manylinux_2_5_i686.manylinux1_i686.manylinux_2_17_i686.manylinux2014_i686.whl"
            },
            {
              "algorithm": "sha256",
              "hash": "516f1ed9bc2406a0467dd777afc636c7091d71f214d5e413d64fef45174cfc7a",
              "url": "https://files.pythonhosted.org/packages/81/1b/04ce5303aee97af30b94c45699ed228b8ba6ba64c972efac184fb9a566f3/pydantic-1.10.7-cp310-cp310-manylinux_2_17_x86_64.manylinux2014_x86_64.whl"
            },
            {
              "algorithm": "sha256",
              "hash": "ecbbc51391248116c0a055899e6c3e7ffbb11fb5e2a4cd6f2d0b93272118a209",
              "url": "https://files.pythonhosted.org/packages/b8/b7/158fb5bf629f5a97c997711757fb14e831825872c6d091a41a769c9c69e4/pydantic-1.10.7-cp310-cp310-musllinux_1_1_i686.whl"
            },
            {
              "algorithm": "sha256",
              "hash": "e79e999e539872e903767c417c897e729e015872040e56b96e67968c3b918b2d",
              "url": "https://files.pythonhosted.org/packages/d6/59/8082b963e077ea4bec5bb85e8c0fc636e4e7b3484e6a8ceac94e743e3b74/pydantic-1.10.7-cp310-cp310-macosx_10_9_x86_64.whl"
            }
          ],
          "project_name": "pydantic",
          "requires_dists": [
            "email-validator>=1.0.3; extra == \"email\"",
            "python-dotenv>=0.10.4; extra == \"dotenv\"",
            "typing-extensions>=4.2.0"
          ],
          "requires_python": ">=3.7",
          "version": "1.10.7"
        },
        {
          "artifacts": [
            {
              "algorithm": "sha256",
              "hash": "eecefdce1e5bbfb7ad2eeaabf7c1eeb404d7757c379bd1f7e5cce9d8bf425384",
              "url": "https://files.pythonhosted.org/packages/c3/a0/5dba8ed157b0136607c7f2151db695885606968d1fae123dc3391e0cfdbf/sniffio-1.3.0-py3-none-any.whl"
            },
            {
              "algorithm": "sha256",
              "hash": "e60305c5e5d314f5389259b7f22aaa33d8f7dee49763119234af3755c55b9101",
              "url": "https://files.pythonhosted.org/packages/cd/50/d49c388cae4ec10e8109b1b833fd265511840706808576df3ada99ecb0ac/sniffio-1.3.0.tar.gz"
            }
          ],
          "project_name": "sniffio",
          "requires_dists": [],
          "requires_python": ">=3.7",
          "version": "1.3.0"
        },
        {
          "artifacts": [
            {
              "algorithm": "sha256",
              "hash": "e87fce5d7cbdde34b76f0ac69013fd9d190d581d80681493016666e6f96c6d5e",
              "url": "https://files.pythonhosted.org/packages/12/48/f9c1ec6bee313aba264fbc2483d9070f4e4526f2538e2b55b1e4a391d938/starlette-0.26.1-py3-none-any.whl"
            },
            {
              "algorithm": "sha256",
              "hash": "41da799057ea8620e4667a3e69a5b1923ebd32b1819c8fa75634bbe8d8bea9bd",
              "url": "https://files.pythonhosted.org/packages/52/55/98746af96f57a0ff4f108c5ac84c130af3c4e291272acf446afc67d5d5d8/starlette-0.26.1.tar.gz"
            }
          ],
          "project_name": "starlette",
          "requires_dists": [
            "anyio<5,>=3.4.0",
            "httpx>=0.22.0; extra == \"full\"",
            "itsdangerous; extra == \"full\"",
            "jinja2; extra == \"full\"",
            "python-multipart; extra == \"full\"",
            "pyyaml; extra == \"full\"",
            "typing-extensions>=3.10.0; python_version < \"3.10\""
          ],
          "requires_python": ">=3.7",
          "version": "0.26.1"
        },
        {
          "artifacts": [
            {
              "algorithm": "sha256",
              "hash": "fb33085c39dd998ac16d1431ebc293a8b3eedd00fd4a32de0ff79002c19511b4",
              "url": "https://files.pythonhosted.org/packages/31/25/5abcd82372d3d4a3932e1fa8c3dbf9efac10cc7c0d16e78467460571b404/typing_extensions-4.5.0-py3-none-any.whl"
            },
            {
              "algorithm": "sha256",
              "hash": "5cb5f4a79139d699607b3ef622a1dedafa84e115ab0024e0d9c044a9479ca7cb",
              "url": "https://files.pythonhosted.org/packages/d3/20/06270dac7316220643c32ae61694e451c98f8caf4c8eab3aa80a2bedf0df/typing_extensions-4.5.0.tar.gz"
            }
          ],
          "project_name": "typing-extensions",
          "requires_dists": [],
          "requires_python": ">=3.7",
          "version": "4.5.0"
        },
        {
          "artifacts": [
            {
              "algorithm": "sha256",
              "hash": "e47cac98a6da10cd41e6fd036d472c6f58ede6c5dbee3dbee3ef7a100ed97742",
              "url": "https://files.pythonhosted.org/packages/8c/f1/7c45fe2a09133e103dcf0621831545c268cd3f7a5d58dc7e470be91b2cd0/uvicorn-0.21.1-py3-none-any.whl"
            },
            {
              "algorithm": "sha256",
              "hash": "0fac9cb342ba099e0d582966005f3fdba5b0290579fed4a6266dc702ca7bb032",
              "url": "https://files.pythonhosted.org/packages/ea/fa/362dc074f4c886e4bff1d994ed1929ed2c2a5ba85827d8f1d745fbe66de2/uvicorn-0.21.1.tar.gz"
            }
          ],
          "project_name": "uvicorn",
          "requires_dists": [
            "click>=7.0",
            "colorama>=0.4; sys_platform == \"win32\" and extra == \"standard\"",
            "h11>=0.8",
            "httptools>=0.5.0; extra == \"standard\"",
            "python-dotenv>=0.13; extra == \"standard\"",
            "pyyaml>=5.1; extra == \"standard\"",
            "typing-extensions; python_version < \"3.8\"",
            "uvloop!=0.15.0,!=0.15.1,>=0.14.0; sys_platform != \"win32\" and (sys_platform != \"cygwin\" and platform_python_implementation != \"PyPy\") and extra == \"standard\"",
            "watchfiles>=0.13; extra == \"standard\"",
            "websockets>=10.4; extra == \"standard\""
          ],
          "requires_python": ">=3.7",
          "version": "0.21.1"
        }
      ],
      "platform_tag": null
    }
  ],
  "path_mappings": {},
  "pex_version": "2.1.111",
  "pip_version": "20.3.4-patched",
  "prefer_older_binary": false,
  "requirements": [
    "fastapi",
    "uvicorn"
  ],
  "requires_python": [
    "==3.10.*"
  ],
  "resolver_version": "pip-2020-resolver",
  "style": "universal",
  "target_systems": [
    "linux",
    "mac"
  ],
  "transitive": true,
  "use_pep517": null
}
